
Microsoft Visual Studio Solution File, Format Version 12.00
# Visual Studio 15
VisualStudioVersion = 15.0.28010.2016
MinimumVisualStudioVersion = 10.0.40219.1
Project("{FAE04EC0-301F-11D3-BF4B-00C04F79EFBC}") = "CRUD_Razor_2_1", "CRUD_Razor_2_1\CRUD_Razor_2_1.csproj", "{72232F7D-8035-403D-B82E-8107A50F1463}"
EndProject
Global
	GlobalSection(SolutionConfigurationPlatforms) = preSolution
		Debug|Any CPU = Debug|Any CPU
		Release|Any CPU = Release|Any CPU
	EndGlobalSection
	GlobalSection(ProjectConfigurationPlatforms) = postSolution
		{72232F7D-8035-403D-B82E-8107A50F1463}.Debug|Any CPU.ActiveCfg = Debug|Any CPU
		{72232F7D-8035-403D-B82E-8107A50F1463}.Debug|Any CPU.Build.0 = Debug|Any CPU
		{72232F7D-8035-403D-B82E-8107A50F1463}.Release|Any CPU.ActiveCfg = Release|Any CPU
		{72232F7D-8035-403D-B82E-8107A50F1463}.Release|Any CPU.Build.0 = Release|Any CPU
	EndGlobalSection
	GlobalSection(SolutionProperties) = preSolution
		HideSolutionNode = FALSE
	EndGlobalSection
	GlobalSection(ExtensibilityGlobals) = postSolution
		SolutionGuid = {B8E7118D-CF59-4E9C-808C-95C28C00CBA9}
	EndGlobalSection
EndGlobal
